<?xml version="1.0" encoding="utf-8"?>
<Project ToolsVersion="4.0" xmlns="http://schemas.microsoft.com/developer/msbuild/2003">
  <ItemGroup>
    <Filter Include="Source Files">
      <UniqueIdentifier>{4FC737F1-C7A5-4376-A066-2A32D752A2FF}</UniqueIdentifier>
      <Extensions>cpp;c;cc;cxx;c++;cppm;ixx;def;odl;idl;hpj;bat;asm;asmx</Extensions>
    </Filter>
    <Filter Include="Header Files">
      <UniqueIdentifier>{93995380-89BD-4b04-88EB-625FBE52EBFB}</UniqueIdentifier>
      <Extensions>h;hh;hpp;hxx;h++;hm;inl;inc;ipp;xsd</Extensions>
    </Filter>
    <Filter Include="Resource Files">
      <UniqueIdentifier>{67DA6AB6-F800-4c08-8B7A-83BB121AAD01}</UniqueIdentifier>
      <Extensions>rc;ico;cur;bmp;dlg;rc2;rct;bin;rgs;gif;jpg;jpeg;jpe;resx;tiff;tif;png;wav;mfcribbon-ms</Extensions>
    </Filter>
    <Filter Include="Source Files\Main">
      <UniqueIdentifier>{f6aed56e-1c1c-42bc-8491-6dd49f963a1c}</UniqueIdentifier>
    </Filter>
    <Filter Include="Source Files\Game">
      <UniqueIdentifier>{4e1d5da0-4d32-4245-a55a-82a5eca7f858}</UniqueIdentifier>
    </Filter>
    <Filter Include="Source Files\Graphics Settings">
      <UniqueIdentifier>{8a3310d8-c2bf-4703-90f4-7421385f4cd4}</UniqueIdentifier>
    </Filter>
    <Filter Include="Source Files\Base Classes">
      <UniqueIdentifier>{c7606164-7929-42b6-9ec9-5eecae1099ee}</UniqueIdentifier>
    </Filter>
    <Filter Include="Source Files\States">
      <UniqueIdentifier>{a3521a87-9ba8-4561-afea-bd81abc65808}</UniqueIdentifier>
    </Filter>
    <Filter Include="Source Files\GUI">
      <UniqueIdentifier>{9a760e01-f383-4768-8e69-b62b81b03747}</UniqueIdentifier>
    </Filter>
    <Filter Include="Resource Files\Config">
      <UniqueIdentifier>{b0dc45b3-0e52-47c0-a35c-535a880e0874}</UniqueIdentifier>
    </Filter>
    <Filter Include="Resource Files\Images">
      <UniqueIdentifier>{ed1b7410-09c6-49e7-bd68-b24cffc24c69}</UniqueIdentifier>
    </Filter>
    <Filter Include="Resource Files\Fonts">
      <UniqueIdentifier>{f8c81d9c-f98a-401d-b4e0-ed338c8fd242}</UniqueIdentifier>
    </Filter>
    <Filter Include="Resource Files\Config\Graphics Settings">
      <UniqueIdentifier>{ab6228f7-03b3-4c05-b394-c68d644d25fa}</UniqueIdentifier>
    </Filter>
    <Filter Include="Resource Files\Config\Supported Keys">
      <UniqueIdentifier>{42229d19-db31-4e76-8d55-b4d9ab2aa4fb}</UniqueIdentifier>
    </Filter>
    <Filter Include="Resource Files\Config\Settings Active Element ID">
      <UniqueIdentifier>{b7823cda-b838-46cf-b83d-3eb5f6e17d81}</UniqueIdentifier>
    </Filter>
    <Filter Include="Resource Files\Config\Keybinds">
      <UniqueIdentifier>{49932c18-c326-4e71-95e5-63fe1b35c9cd}</UniqueIdentifier>
    </Filter>
    <Filter Include="Source Files\TileMap">
      <UniqueIdentifier>{2e61caa6-32c3-44af-aa7c-69fdad257624}</UniqueIdentifier>
    </Filter>
    <Filter Include="Resource Files\Images\Tiles">
      <UniqueIdentifier>{b5d115a5-26a0-4c05-9d5d-7c851d97b9ff}</UniqueIdentifier>
    </Filter>
    <Filter Include="Resource Files\Images\Main Menu Background">
      <UniqueIdentifier>{b9afb2bb-800b-459b-b45e-71299e6f3799}</UniqueIdentifier>
    </Filter>
  </ItemGroup>
  <ItemGroup>
    <ClCompile Include="Header.cpp">
      <Filter>Header Files</Filter>
    </ClCompile>
    <ClCompile Include="Main.cpp">
      <Filter>Source Files\Main</Filter>
    </ClCompile>
    <ClCompile Include="Game.cpp">
      <Filter>Source Files\Game</Filter>
    </ClCompile>
    <ClCompile Include="GraphicsSettings.cpp">
      <Filter>Source Files\Graphics Settings</Filter>
    </ClCompile>
    <ClCompile Include="State.cpp">
      <Filter>Source Files\Base Classes</Filter>
    </ClCompile>
    <ClCompile Include="MainMenu.cpp">
      <Filter>Source Files\States</Filter>
    </ClCompile>
    <ClCompile Include="GUI.cpp">
      <Filter>Source Files\GUI</Filter>
    </ClCompile>
    <ClCompile Include="Settings.cpp">
      <Filter>Source Files\States</Filter>
    </ClCompile>
    <ClCompile Include="Editor.cpp">
      <Filter>Source Files\States</Filter>
    </ClCompile>
    <ClCompile Include="TileMap.cpp">
      <Filter>Source Files\TileMap</Filter>
    </ClCompile>
    <ClCompile Include="PauseMenu.cpp">
      <Filter>Source Files\States</Filter>
    </ClCompile>
  </ItemGroup>
  <ItemGroup>
    <ClInclude Include="Header.h">
      <Filter>Header Files</Filter>
    </ClInclude>
    <ClInclude Include="Game.h">
      <Filter>Source Files\Game</Filter>
    </ClInclude>
    <ClInclude Include="GraphicsSettings.h">
      <Filter>Source Files\Graphics Settings</Filter>
    </ClInclude>
    <ClInclude Include="State.h">
      <Filter>Source Files\Base Classes</Filter>
    </ClInclude>
    <ClInclude Include="MainMenu.h">
      <Filter>Source Files\States</Filter>
    </ClInclude>
    <ClInclude Include="GUI.h">
      <Filter>Source Files\GUI</Filter>
    </ClInclude>
    <ClInclude Include="Settings.h">
      <Filter>Source Files\States</Filter>
    </ClInclude>
    <ClInclude Include="Editor.h">
      <Filter>Source Files\States</Filter>
    </ClInclude>
    <ClInclude Include="TileMap.h">
      <Filter>Source Files\TileMap</Filter>
    </ClInclude>
    <ClInclude Include="PauseMenu.h">
      <Filter>Source Files\States</Filter>
    </ClInclude>
  </ItemGroup>
  <ItemGroup>
    <None Include="Config\settings_keybinds.ini">
      <Filter>Resource Files\Config\Keybinds</Filter>
    </None>
    <None Include="Config\mainmenu_keybinds.ini">
      <Filter>Resource Files\Config\Keybinds</Filter>
    </None>
    <None Include="Config\graphics_settings.ini">
      <Filter>Resource Files\Config\Graphics Settings</Filter>
    </None>
    <None Include="Config\supported_keys.ini">
      <Filter>Resource Files\Config\Supported Keys</Filter>
    </None>
    <None Include="Config\settings_active_element_ID.ini">
      <Filter>Resource Files\Config\Settings Active Element ID</Filter>
    </None>
    <None Include="Config\editor_keybinds.ini">
      <Filter>Resource Files\Config\Keybinds</Filter>
    </None>
  </ItemGroup>
  <ItemGroup>
    <Font Include="Resources\Fonts\Dosis.ttf">
      <Filter>Resource Files\Fonts</Filter>
    </Font>
  </ItemGroup>
  <ItemGroup>
    <Image Include="Resources\Images\mainmenu_background.jpg">
      <Filter>Resource Files\Images\Main Menu Background</Filter>
    </Image>
    <Image Include="Resources\Tiles\grass.png">
      <Filter>Resource Files\Images\Tiles</Filter>
    </Image>
    <Image Include="Resources\Images\Tiles\grass-dirt-sand-water-mountains-trees.png">
      <Filter>Resource Files\Images\Tiles</Filter>
    </Image>
  </ItemGroup>
</Project>